
Microsoft Visual Studio Solution File, Format Version 12.00
# Visual Studio Version 17
VisualStudioVersion = 17.9.34728.123
MinimumVisualStudioVersion = 10.0.40219.1
Project("{8BC9CEB8-8B4A-11D0-8D11-00A0C91BC942}") = "TimeDomain_Swabian", "TimeDomain_Swabian\TimeDomain_Swabian.vcxproj", "{7FE95C98-C5B1-4788-9536-01DEA9C7B826}"
EndProject
Project("{8BC9CEB8-8B4A-11D0-8D11-00A0C91BC942}") = "TD_Test", "TD_Test\TD_Test.vcxproj", "{A7E29F9F-FA59-4957-AC74-441B30445BE5}"
EndProject
Global
	GlobalSection(SolutionConfigurationPlatforms) = preSolution
		Debug|x64 = Debug|x64
		Debug|x86 = Debug|x86
		Release|x64 = Release|x64
		Release|x86 = Release|x86
	EndGlobalSection
	GlobalSection(ProjectConfigurationPlatforms) = postSolution
		{7FE95C98-C5B1-4788-9536-01DEA9C7B826}.Debug|x64.ActiveCfg = Debug|x64
		{7FE95C98-C5B1-4788-9536-01DEA9C7B826}.Debug|x64.Build.0 = Debug|x64
		{7FE95C98-C5B1-4788-9536-01DEA9C7B826}.Debug|x86.ActiveCfg = Debug|Win32
		{7FE95C98-C5B1-4788-9536-01DEA9C7B826}.Debug|x86.Build.0 = Debug|Win32
		{7FE95C98-C5B1-4788-9536-01DEA9C7B826}.Release|x64.ActiveCfg = Release|x64
		{7FE95C98-C5B1-4788-9536-01DEA9C7B826}.Release|x64.Build.0 = Release|x64
		{7FE95C98-C5B1-4788-9536-01DEA9C7B826}.Release|x86.ActiveCfg = Release|Win32
		{7FE95C98-C5B1-4788-9536-01DEA9C7B826}.Release|x86.Build.0 = Release|Win32
		{A7E29F9F-FA59-4957-AC74-441B30445BE5}.Debug|x64.ActiveCfg = Debug|x64
		{A7E29F9F-FA59-4957-AC74-441B30445BE5}.Debug|x64.Build.0 = Debug|x64
		{A7E29F9F-FA59-4957-AC74-441B30445BE5}.Debug|x86.ActiveCfg = Debug|Win32
		{A7E29F9F-FA59-4957-AC74-441B30445BE5}.Debug|x86.Build.0 = Debug|Win32
		{A7E29F9F-FA59-4957-AC74-441B30445BE5}.Release|x64.ActiveCfg = Release|x64
		{A7E29F9F-FA59-4957-AC74-441B30445BE5}.Release|x64.Build.0 = Release|x64
		{A7E29F9F-FA59-4957-AC74-441B30445BE5}.Release|x86.ActiveCfg = Release|Win32
		{A7E29F9F-FA59-4957-AC74-441B30445BE5}.Release|x86.Build.0 = Release|Win32
	EndGlobalSection
	GlobalSection(SolutionProperties) = preSolution
		HideSolutionNode = FALSE
	EndGlobalSection
	GlobalSection(ExtensibilityGlobals) = postSolution
		SolutionGuid = {1F8F6C98-F670-492C-AD8E-1C1ACE6A3F99}
	EndGlobalSection
EndGlobal
